
Microsoft Visual Studio Solution File, Format Version 12.00
# Visual Studio Version 16
VisualStudioVersion = 16.0.32602.291
MinimumVisualStudioVersion = 10.0.40219.1
Project("{9A19103F-16F7-4668-BE54-9A1E7A4F7556}") = "IThink.ExcelHelper", "IThink.ExcelHelper\IThink.ExcelHelper.csproj", "{DA11A2C9-D650-4BDB-9C92-3026DAC43E1B}"
EndProject
Project("{9A19103F-16F7-4668-BE54-9A1E7A4F7556}") = "IThink.ExcelHelper.Test", "IThink.ExcelHelper.Test\IThink.ExcelHelper.Test.csproj", "{33945734-A7DC-4606-B9A5-8EAA31757DAF}"
EndProject
Global
	GlobalSection(SolutionConfigurationPlatforms) = preSolution
		Debug|Any CPU = Debug|Any CPU
		Release|Any CPU = Release|Any CPU
	EndGlobalSection
	GlobalSection(ProjectConfigurationPlatforms) = postSolution
		{DA11A2C9-D650-4BDB-9C92-3026DAC43E1B}.Debug|Any CPU.ActiveCfg = Debug|Any CPU
		{DA11A2C9-D650-4BDB-9C92-3026DAC43E1B}.Debug|Any CPU.Build.0 = Debug|Any CPU
		{DA11A2C9-D650-4BDB-9C92-3026DAC43E1B}.Release|Any CPU.ActiveCfg = Release|Any CPU
		{DA11A2C9-D650-4BDB-9C92-3026DAC43E1B}.Release|Any CPU.Build.0 = Release|Any CPU
		{33945734-A7DC-4606-B9A5-8EAA31757DAF}.Debug|Any CPU.ActiveCfg = Debug|Any CPU
		{33945734-A7DC-4606-B9A5-8EAA31757DAF}.Debug|Any CPU.Build.0 = Debug|Any CPU
		{33945734-A7DC-4606-B9A5-8EAA31757DAF}.Release|Any CPU.ActiveCfg = Release|Any CPU
		{33945734-A7DC-4606-B9A5-8EAA31757DAF}.Release|Any CPU.Build.0 = Release|Any CPU
	EndGlobalSection
	GlobalSection(SolutionProperties) = preSolution
		HideSolutionNode = FALSE
	EndGlobalSection
	GlobalSection(ExtensibilityGlobals) = postSolution
		SolutionGuid = {640D7E37-C776-4C64-BA0E-88151B5EF6CB}
	EndGlobalSection
EndGlobal
